// !$*UTF8*$!
{
	archiveVersion = 1;
	classes = {
	};
	objectVersion = 50;
	objects = {

/* Begin PBXBuildFile section */
		41DFB382228BE76C0076E1CE /* AppDelegate.swift in Sources */ = {isa = PBXBuildFile; fileRef = 41DFB381228BE76C0076E1CE /* AppDelegate.swift */; };
		41DFB384228BE76C0076E1CE /* ViewController.swift in Sources */ = {isa = PBXBuildFile; fileRef = 41DFB383228BE76C0076E1CE /* ViewController.swift */; };
		41DFB387228BE76C0076E1CE /* Main.storyboard in Resources */ = {isa = PBXBuildFile; fileRef = 41DFB385228BE76C0076E1CE /* Main.storyboard */; };
		41DFB389228BE76C0076E1CE /* Assets.xcassets in Resources */ = {isa = PBXBuildFile; fileRef = 41DFB388228BE76C0076E1CE /* Assets.xcassets */; };
		41DFB38C228BE76C0076E1CE /* LaunchScreen.storyboard in Resources */ = {isa = PBXBuildFile; fileRef = 41DFB38A228BE76C0076E1CE /* LaunchScreen.storyboard */; };
		41DFB394228BE7BD0076E1CE /* motor.swift in Sources */ = {isa = PBXBuildFile; fileRef = 41DFB393228BE7BD0076E1CE /* motor.swift */; };
		41DFB396228C032D0076E1CE /* Machine.swift in Sources */ = {isa = PBXBuildFile; fileRef = 41DFB395228C032D0076E1CE /* Machine.swift */; };
		41DFB398228C05440076E1CE /* Rounded Button.swift in Sources */ = {isa = PBXBuildFile; fileRef = 41DFB397228C05440076E1CE /* Rounded Button.swift */; };
/* End PBXBuildFile section */

/* Begin PBXFileReference section */
		41DFB37E228BE76C0076E1CE /* latianOOP.app */ = {isa = PBXFileReference; explicitFileType = wrapper.application; includeInIndex = 0; path = latianOOP.app; sourceTree = BUILT_PRODUCTS_DIR; };
		41DFB381228BE76C0076E1CE /* AppDelegate.swift */ = {isa = PBXFileReference; lastKnownFileType = sourcecode.swift; path = AppDelegate.swift; sourceTree = "<group>"; };
		41DFB383228BE76C0076E1CE /* ViewController.swift */ = {isa = PBXFileReference; lastKnownFileType = sourcecode.swift; path = ViewController.swift; sourceTree = "<group>"; };
		41DFB386228BE76C0076E1CE /* Base */ = {isa = PBXFileReference; lastKnownFileType = file.storyboard; name = Base; path = Base.lproj/Main.storyboard; sourceTree = "<group>"; };
		41DFB388228BE76C0076E1CE /* Assets.xcassets */ = {isa = PBXFileReference; lastKnownFileType = folder.assetcatalog; path = Assets.xcassets; sourceTree = "<group>"; };
		41DFB38B228BE76C0076E1CE /* Base */ = {isa = PBXFileReference; lastKnownFileType = file.storyboard; name = Base; path = Base.lproj/LaunchScreen.storyboard; sourceTree = "<group>"; };
		41DFB38D228BE76C0076E1CE /* Info.plist */ = {isa = PBXFileReference; lastKnownFileType = text.plist.xml; path = Info.plist; sourceTree = "<group>"; };
		41DFB393228BE7BD0076E1CE /* motor.swift */ = {isa = PBXFileReference; lastKnownFileType = sourcecode.swift; path = motor.swift; sourceTree = "<group>"; };
		41DFB395228C032D0076E1CE /* Machine.swift */ = {isa = PBXFileReference; lastKnownFileType = sourcecode.swift; path = Machine.swift; sourceTree = "<group>"; };
		41DFB397228C05440076E1CE /* Rounded Button.swift */ = {isa = PBXFileReference; lastKnownFileType = sourcecode.swift; path = "Rounded Button.swift"; sourceTree = "<group>"; };
/* End PBXFileReference section */

/* Begin PBXFrameworksBuildPhase section */
		41DFB37B228BE76C0076E1CE /* Frameworks */ = {
			isa = PBXFrameworksBuildPhase;
			buildActionMask = 2147483647;
			files = (
			);
			runOnlyForDeploymentPostprocessing = 0;
		};
/* End PBXFrameworksBuildPhase section */

/* Begin PBXGroup section */
		41DFB375228BE76C0076E1CE = {
			isa = PBXGroup;
			children = (
				41DFB393228BE7BD0076E1CE /* motor.swift */,
				41DFB397228C05440076E1CE /* Rounded Button.swift */,
				41DFB395228C032D0076E1CE /* Machine.swift */,
				41DFB380228BE76C0076E1CE /* latianOOP */,
				41DFB37F228BE76C0076E1CE /* Products */,
			);
			sourceTree = "<group>";
		};
		41DFB37F228BE76C0076E1CE /* Products */ = {
			isa = PBXGroup;
			children = (
				41DFB37E228BE76C0076E1CE /* latianOOP.app */,
			);
			name = Products;
			sourceTree = "<group>";
		};
		41DFB380228BE76C0076E1CE /* latianOOP */ = {
			isa = PBXGroup;
			children = (
				41DFB381228BE76C0076E1CE /* AppDelegate.swift */,
				41DFB383228BE76C0076E1CE /* ViewController.swift */,
				41DFB385228BE76C0076E1CE /* Main.storyboard */,
				41DFB388228BE76C0076E1CE /* Assets.xcassets */,
				41DFB38A228BE76C0076E1CE /* LaunchScreen.storyboard */,
				41DFB38D228BE76C0076E1CE /* Info.plist */,
			);
			path = latianOOP;
			sourceTree = "<group>";
		};
/* End PBXGroup section */

/* Begin PBXNativeTarget section */
		41DFB37D228BE76C0076E1CE /* latianOOP */ = {
			isa = PBXNativeTarget;
			buildConfigurationList = 41DFB390228BE76C0076E1CE /* Build configuration list for PBXNativeTarget "latianOOP" */;
			buildPhases = (
				41DFB37A228BE76C0076E1CE /* Sources */,
				41DFB37B228BE76C0076E1CE /* Frameworks */,
				41DFB37C228BE76C0076E1CE /* Resources */,
			);
			buildRules = (
			);
			dependencies = (
			);
			name = latianOOP;
			productName = latianOOP;
			productReference = 41DFB37E228BE76C0076E1CE /* latianOOP.app */;
			productType = "com.apple.product-type.application";
		};
/* End PBXNativeTarget section */

/* Begin PBXProject section */
		41DFB376228BE76C0076E1CE /* Project object */ = {
			isa = PBXProject;
			attributes = {
				LastSwiftUpdateCheck = 1020;
				LastUpgradeCheck = 1020;
				ORGANIZATIONNAME = "ADa team 07";
				TargetAttributes = {
					41DFB37D228BE76C0076E1CE = {
						CreatedOnToolsVersion = 10.2.1;
					};
				};
			};
			buildConfigurationList = 41DFB379228BE76C0076E1CE /* Build configuration list for PBXProject "latianOOP" */;
			compatibilityVersion = "Xcode 9.3";
			developmentRegion = en;
			hasScannedForEncodings = 0;
			knownRegions = (
				en,
				Base,
			);
			mainGroup = 41DFB375228BE76C0076E1CE;
			productRefGroup = 41DFB37F228BE76C0076E1CE /* Products */;
			projectDirPath = "";
			projectRoot = "";
			targets = (
				41DFB37D228BE76C0076E1CE /* latianOOP */,
			);
		};
/* End PBXProject section */

/* Begin PBXResourcesBuildPhase section */
		41DFB37C228BE76C0076E1CE /* Resources */ = {
			isa = PBXResourcesBuildPhase;
			buildActionMask = 2147483647;
			files = (
				41DFB38C228BE76C0076E1CE /* LaunchScreen.storyboard in Resources */,
				41DFB389228BE76C0076E1CE /* Assets.xcassets in Resources */,
				41DFB387228BE76C0076E1CE /* Main.storyboard in Resources */,
			);
			runOnlyForDeploymentPostprocessing = 0;
		};
/* End PBXResourcesBuildPhase section */

/* Begin PBXSourcesBuildPhase section */
		41DFB37A228BE76C0076E1CE /* Sources */ = {
			isa = PBXSourcesBuildPhase;
			buildActionMask = 2147483647;
			files = (
				41DFB398228C05440076E1CE /* Rounded Button.swift in Sources */,
				41DFB384228BE76C0076E1CE /* ViewController.swift in Sources */,
				41DFB396228C032D0076E1CE /* Machine.swift in Sources */,
				41DFB394228BE7BD0076E1CE /* motor.swift in Sources */,
				41DFB382228BE76C0076E1CE /* AppDelegate.swift in Sources */,
			);
			runOnlyForDeploymentPostprocessing = 0;
		};
/* End PBXSourcesBuildPhase section */

/* Begin PBXVariantGroup section */
		41DFB385228BE76C0076E1CE /* Main.storyboard */ = {
			isa = PBXVariantGroup;
			children = (
				41DFB386228BE76C0076E1CE /* Base */,
			);
			name = Main.storyboard;
			sourceTree = "<group>";
		};
		41DFB38A228BE76C0076E1CE /* LaunchScreen.storyboard */ = {
			isa = PBXVariantGroup;
			children = (
				41DFB38B228BE76C0076E1CE /* Base */,
			);
			name = LaunchScreen.storyboard;
			sourceTree = "<group>";
		};
/* End PBXVariantGroup section */

/* Begin XCBuildConfiguration section */
		41DFB38E228BE76C0076E1CE /* Debug */ = {
			isa = XCBuildConfiguration;
			buildSettings = {
				ALWAYS_SEARCH_USER_PATHS = NO;
				CLANG_ANALYZER_NONNULL = YES;
				CLANG_ANALYZER_NUMBER_OBJECT_CONVERSION = YES_AGGRESSIVE;
				CLANG_CXX_LANGUAGE_STANDARD = "gnu++14";
				CLANG_CXX_LIBRARY = "libc++";
				CLANG_ENABLE_MODULES = YES;
				CLANG_ENABLE_OBJC_ARC = YES;
				CLANG_ENABLE_OBJC_WEAK = YES;
				CLANG_WARN_BLOCK_CAPTURE_AUTORELEASING = YES;
				CLANG_WARN_BOOL_CONVERSION = YES;
				CLANG_WARN_COMMA = YES;
				CLANG_WARN_CONSTANT_CONVERSION = YES;
				CLANG_WARN_DEPRECATED_OBJC_IMPLEMENTATIONS = YES;
				CLANG_WARN_DIRECT_OBJC_ISA_USAGE = YES_ERROR;
				CLANG_WARN_DOCUMENTATION_COMMENTS = YES;
				CLANG_WARN_EMPTY_BODY = YES;
				CLANG_WARN_ENUM_CONVERSION = YES;
				CLANG_WARN_INFINITE_RECURSION = YES;
				CLANG_WARN_INT_CONVERSION = YES;
				CLANG_WARN_NON_LITERAL_NULL_CONVERSION = YES;
				CLANG_WARN_OBJC_IMPLICIT_RETAIN_SELF = YES;
				CLANG_WARN_OBJC_LITERAL_CONVERSION = YES;
				CLANG_WARN_OBJC_ROOT_CLASS = YES_ERROR;
				CLANG_WARN_RANGE_LOOP_ANALYSIS = YES;
				CLANG_WARN_STRICT_PROTOTYPES = YES;
				CLANG_WARN_SUSPICIOUS_MOVE = YES;
				CLANG_WARN_UNGUARDED_AVAILABILITY = YES_AGGRESSIVE;
				CLANG_WARN_UNREACHABLE_CODE = YES;
				CLANG_WARN__DUPLICATE_METHOD_MATCH = YES;
				CODE_SIGN_IDENTITY = "iPhone Developer";
				COPY_PHASE_STRIP = NO;
				DEBUG_INFORMATION_FORMAT = dwarf;
				ENABLE_STRICT_OBJC_MSGSEND = YES;
				ENABLE_TESTABILITY = YES;
				GCC_C_LANGUAGE_STANDARD = gnu11;
				GCC_DYNAMIC_NO_PIC = NO;
				GCC_NO_COMMON_BLOCKS = YES;
				GCC_OPTIMIZATION_LEVEL = 0;
				GCC_PREPROCESSOR_DEFINITIONS = (
					"DEBUG=1",
					"$(inherited)",
				);
				GCC_WARN_64_TO_32_BIT_CONVERSION = YES;
				GCC_WARN_ABOUT_RETURN_TYPE = YES_ERROR;
				GCC_WARN_UNDECLARED_SELECTOR = YES;
				GCC_WARN_UNINITIALIZED_AUTOS = YES_AGGRESSIVE;
				GCC_WARN_UNUSED_FUNCTION = YES;
				GCC_WARN_UNUSED_VARIABLE = YES;
				IPHONEOS_DEPLOYMENT_TARGET = 12.2;
				MTL_ENABLE_DEBUG_INFO = INCLUDE_SOURCE;
				MTL_FAST_MATH = YES;
				ONLY_ACTIVE_ARCH = YES;
				SDKROOT = iphoneos;
				SWIFT_ACTIVE_COMPILATION_CONDITIONS = DEBUG;
				SWIFT_OPTIMIZATION_LEVEL = "-Onone";
			};
			name = Debug;
		};
		41DFB38F228BE76C0076E1CE /* Release */ = {
			isa = XCBuildConfiguration;
			buildSettings = {
				ALWAYS_SEARCH_USER_PATHS = NO;
				CLANG_ANALYZER_NONNULL = YES;
				CLANG_ANALYZER_NUMBER_OBJECT_CONVERSION = YES_AGGRESSIVE;
				CLANG_CXX_LANGUAGE_STANDARD = "gnu++14";
				CLANG_CXX_LIBRARY = "libc++";
				CLANG_ENABLE_MODULES = YES;
				CLANG_ENABLE_OBJC_ARC = YES;
				CLANG_ENABLE_OBJC_WEAK = YES;
				CLANG_WARN_BLOCK_CAPTURE_AUTORELEASING = YES;
				CLANG_WARN_BOOL_CONVERSION = YES;
				CLANG_WARN_COMMA = YES;
				CLANG_WARN_CONSTANT_CONVERSION = YES;
				CLANG_WARN_DEPRECATED_OBJC_IMPLEMENTATIONS = YES;
				CLANG_WARN_DIRECT_OBJC_ISA_USAGE = YES_ERROR;
				CLANG_WARN_DOCUMENTATION_COMMENTS = YES;
				CLANG_WARN_EMPTY_BODY = YES;
				CLANG_WARN_ENUM_CONVERSION = YES;
				CLANG_WARN_INFINITE_RECURSION = YES;
				CLANG_WARN_INT_CONVERSION = YES;
				CLANG_WARN_NON_LITERAL_NULL_CONVERSION = YES;
				CLANG_WARN_OBJC_IMPLICIT_RETAIN_SELF = YES;
				CLANG_WARN_OBJC_LITERAL_CONVERSION = YES;
				CLANG_WARN_OBJC_ROOT_CLASS = YES_ERROR;
				CLANG_WARN_RANGE_LOOP_ANALYSIS = YES;
				CLANG_WARN_STRICT_PROTOTYPES = YES;
				CLANG_WARN_SUSPICIOUS_MOVE = YES;
				CLANG_WARN_UNGUARDED_AVAILABILITY = YES_AGGRESSIVE;
				CLANG_WARN_UNREACHABLE_CODE = YES;
				CLANG_WARN__DUPLICATE_METHOD_MATCH = YES;
				CODE_SIGN_IDENTITY = "iPhone Developer";
				COPY_PHASE_STRIP = NO;
				DEBUG_INFORMATION_FORMAT = "dwarf-with-dsym";
				ENABLE_NS_ASSERTIONS = NO;
				ENABLE_STRICT_OBJC_MSGSEND = YES;
				GCC_C_LANGUAGE_STANDARD = gnu11;
				GCC_NO_COMMON_BLOCKS = YES;
				GCC_WARN_64_TO_32_BIT_CONVERSION = YES;
				GCC_WARN_ABOUT_RETURN_TYPE = YES_ERROR;
				GCC_WARN_UNDECLARED_SELECTOR = YES;
				GCC_WARN_UNINITIALIZED_AUTOS = YES_AGGRESSIVE;
				GCC_WARN_UNUSED_FUNCTION = YES;
				GCC_WARN_UNUSED_VARIABLE = YES;
				IPHONEOS_DEPLOYMENT_TARGET = 12.2;
				MTL_ENABLE_DEBUG_INFO = NO;
				MTL_FAST_MATH = YES;
				SDKROOT = iphoneos;
				SWIFT_COMPILATION_MODE = wholemodule;
				SWIFT_OPTIMIZATION_LEVEL = "-O";
				VALIDATE_PRODUCT = YES;
			};
			name = Release;
		};
		41DFB391228BE76C0076E1CE /* Debug */ = {
			isa = XCBuildConfiguration;
			buildSettings = {
				ASSETCATALOG_COMPILER_APPICON_NAME = AppIcon;
				CODE_SIGN_STYLE = Automatic;
				DEVELOPMENT_TEAM = SYKA7A33DL;
				INFOPLIST_FILE = latianOOP/Info.plist;
				LD_RUNPATH_SEARCH_PATHS = (
					"$(inherited)",
					"@executable_path/Frameworks",
				);
				PRODUCT_BUNDLE_IDENTIFIER = com.example.latianOOP;
				PRODUCT_NAME = "$(TARGET_NAME)";
				SWIFT_VERSION = 5.0;
				TARGETED_DEVICE_FAMILY = "1,2";
			};
			name = Debug;
		};
		41DFB392228BE76C0076E1CE /* Release */ = {
			isa = XCBuildConfiguration;
			buildSettings = {
				ASSETCATALOG_COMPILER_APPICON_NAME = AppIcon;
				CODE_SIGN_STYLE = Automatic;
				DEVELOPMENT_TEAM = SYKA7A33DL;
				INFOPLIST_FILE = latianOOP/Info.plist;
				LD_RUNPATH_SEARCH_PATHS = (
					"$(inherited)",
					"@executable_path/Frameworks",
				);
				PRODUCT_BUNDLE_IDENTIFIER = com.example.latianOOP;
				PRODUCT_NAME = "$(TARGET_NAME)";
				SWIFT_VERSION = 5.0;
				TARGETED_DEVICE_FAMILY = "1,2";
			};
			name = Release;
		};
/* End XCBuildConfiguration section */

/* Begin XCConfigurationList section */
		41DFB379228BE76C0076E1CE /* Build configuration list for PBXProject "latianOOP" */ = {
			isa = XCConfigurationList;
			buildConfigurations = (
				41DFB38E228BE76C0076E1CE /* Debug */,
				41DFB38F228BE76C0076E1CE /* Release */,
			);
			defaultConfigurationIsVisible = 0;
			defaultConfigurationName = Release;
		};
		41DFB390228BE76C0076E1CE /* Build configuration list for PBXNativeTarget "latianOOP" */ = {
			isa = XCConfigurationList;
			buildConfigurations = (
				41DFB391228BE76C0076E1CE /* Debug */,
				41DFB392228BE76C0076E1CE /* Release */,
			);
			defaultConfigurationIsVisible = 0;
			defaultConfigurationName = Release;
		};
/* End XCConfigurationList section */
	};
	rootObject = 41DFB376228BE76C0076E1CE /* Project object */;
}
